
Microsoft Visual Studio Solution File, Format Version 12.00
# Visual Studio 15
VisualStudioVersion = 15.0.27130.2010
MinimumVisualStudioVersion = 10.0.40219.1
Project("{FAE04EC0-301F-11D3-BF4B-00C04F79EFBC}") = "Sample.Android", "Sample\Sample.Android\Sample.Android.csproj", "{DA1E73D3-1236-4C09-8DD2-FC2DC0348A12}"
EndProject
Project("{FAE04EC0-301F-11D3-BF4B-00C04F79EFBC}") = "Sample.iOS", "Sample\Sample.iOS\Sample.iOS.csproj", "{2B3824FB-24DE-40BC-8856-08DEFE1CA942}"
EndProject
Project("{FAE04EC0-301F-11D3-BF4B-00C04F79EFBC}") = "Sample.UWP", "Sample\Sample.UWP\Sample.UWP.csproj", "{AC536947-1053-4CE3-AEA5-05A7FB54B6E1}"
EndProject
Project("{9A19103F-16F7-4668-BE54-9A1E7A4F7556}") = "Sample", "Sample\Sample\Sample.csproj", "{4A4152E6-915D-4FFB-BA40-45CE0A6314B9}"
EndProject
Global
	GlobalSection(SolutionConfigurationPlatforms) = preSolution
		Ad-Hoc|Any CPU = Ad-Hoc|Any CPU
		Ad-Hoc|ARM = Ad-Hoc|ARM
		Ad-Hoc|iPhone = Ad-Hoc|iPhone
		Ad-Hoc|iPhoneSimulator = Ad-Hoc|iPhoneSimulator
		Ad-Hoc|x64 = Ad-Hoc|x64
		Ad-Hoc|x86 = Ad-Hoc|x86
		AppStore|Any CPU = AppStore|Any CPU
		AppStore|ARM = AppStore|ARM
		AppStore|iPhone = AppStore|iPhone
		AppStore|iPhoneSimulator = AppStore|iPhoneSimulator
		AppStore|x64 = AppStore|x64
		AppStore|x86 = AppStore|x86
		Debug|Any CPU = Debug|Any CPU
		Debug|ARM = Debug|ARM
		Debug|iPhone = Debug|iPhone
		Debug|iPhoneSimulator = Debug|iPhoneSimulator
		Debug|x64 = Debug|x64
		Debug|x86 = Debug|x86
		Release|Any CPU = Release|Any CPU
		Release|ARM = Release|ARM
		Release|iPhone = Release|iPhone
		Release|iPhoneSimulator = Release|iPhoneSimulator
		Release|x64 = Release|x64
		Release|x86 = Release|x86
	EndGlobalSection
	GlobalSection(ProjectConfigurationPlatforms) = postSolution
		{DA1E73D3-1236-4C09-8DD2-FC2DC0348A12}.Ad-Hoc|Any CPU.ActiveCfg = Release|Any CPU
		{DA1E73D3-1236-4C09-8DD2-FC2DC0348A12}.Ad-Hoc|Any CPU.Build.0 = Release|Any CPU
		{DA1E73D3-1236-4C09-8DD2-FC2DC0348A12}.Ad-Hoc|Any CPU.Deploy.0 = Release|Any CPU
		{DA1E73D3-1236-4C09-8DD2-FC2DC0348A12}.Ad-Hoc|ARM.ActiveCfg = Release|Any CPU
		{DA1E73D3-1236-4C09-8DD2-FC2DC0348A12}.Ad-Hoc|ARM.Build.0 = Release|Any CPU
		{DA1E73D3-1236-4C09-8DD2-FC2DC0348A12}.Ad-Hoc|ARM.Deploy.0 = Release|Any CPU
		{DA1E73D3-1236-4C09-8DD2-FC2DC0348A12}.Ad-Hoc|iPhone.ActiveCfg = Release|Any CPU
		{DA1E73D3-1236-4C09-8DD2-FC2DC0348A12}.Ad-Hoc|iPhone.Build.0 = Release|Any CPU
		{DA1E73D3-1236-4C09-8DD2-FC2DC0348A12}.Ad-Hoc|iPhone.Deploy.0 = Release|Any CPU
		{DA1E73D3-1236-4C09-8DD2-FC2DC0348A12}.Ad-Hoc|iPhoneSimulator.ActiveCfg = Release|Any CPU
		{DA1E73D3-1236-4C09-8DD2-FC2DC0348A12}.Ad-Hoc|iPhoneSimulator.Build.0 = Release|Any CPU
		{DA1E73D3-1236-4C09-8DD2-FC2DC0348A12}.Ad-Hoc|iPhoneSimulator.Deploy.0 = Release|Any CPU
		{DA1E73D3-1236-4C09-8DD2-FC2DC0348A12}.Ad-Hoc|x64.ActiveCfg = Release|Any CPU
		{DA1E73D3-1236-4C09-8DD2-FC2DC0348A12}.Ad-Hoc|x64.Build.0 = Release|Any CPU
		{DA1E73D3-1236-4C09-8DD2-FC2DC0348A12}.Ad-Hoc|x64.Deploy.0 = Release|Any CPU
		{DA1E73D3-1236-4C09-8DD2-FC2DC0348A12}.Ad-Hoc|x86.ActiveCfg = Release|Any CPU
		{DA1E73D3-1236-4C09-8DD2-FC2DC0348A12}.Ad-Hoc|x86.Build.0 = Release|Any CPU
		{DA1E73D3-1236-4C09-8DD2-FC2DC0348A12}.Ad-Hoc|x86.Deploy.0 = Release|Any CPU
		{DA1E73D3-1236-4C09-8DD2-FC2DC0348A12}.AppStore|Any CPU.ActiveCfg = Release|Any CPU
		{DA1E73D3-1236-4C09-8DD2-FC2DC0348A12}.AppStore|Any CPU.Build.0 = Release|Any CPU
		{DA1E73D3-1236-4C09-8DD2-FC2DC0348A12}.AppStore|Any CPU.Deploy.0 = Release|Any CPU
		{DA1E73D3-1236-4C09-8DD2-FC2DC0348A12}.AppStore|ARM.ActiveCfg = Release|Any CPU
		{DA1E73D3-1236-4C09-8DD2-FC2DC0348A12}.AppStore|ARM.Build.0 = Release|Any CPU
		{DA1E73D3-1236-4C09-8DD2-FC2DC0348A12}.AppStore|ARM.Deploy.0 = Release|Any CPU
		{DA1E73D3-1236-4C09-8DD2-FC2DC0348A12}.AppStore|iPhone.ActiveCfg = Release|Any CPU
		{DA1E73D3-1236-4C09-8DD2-FC2DC0348A12}.AppStore|iPhone.Build.0 = Release|Any CPU
		{DA1E73D3-1236-4C09-8DD2-FC2DC0348A12}.AppStore|iPhone.Deploy.0 = Release|Any CPU
		{DA1E73D3-1236-4C09-8DD2-FC2DC0348A12}.AppStore|iPhoneSimulator.ActiveCfg = Release|Any CPU
		{DA1E73D3-1236-4C09-8DD2-FC2DC0348A12}.AppStore|iPhoneSimulator.Build.0 = Release|Any CPU
		{DA1E73D3-1236-4C09-8DD2-FC2DC0348A12}.AppStore|iPhoneSimulator.Deploy.0 = Release|Any CPU
		{DA1E73D3-1236-4C09-8DD2-FC2DC0348A12}.AppStore|x64.ActiveCfg = Release|Any CPU
		{DA1E73D3-1236-4C09-8DD2-FC2DC0348A12}.AppStore|x64.Build.0 = Release|Any CPU
		{DA1E73D3-1236-4C09-8DD2-FC2DC0348A12}.AppStore|x64.Deploy.0 = Release|Any CPU
		{DA1E73D3-1236-4C09-8DD2-FC2DC0348A12}.AppStore|x86.ActiveCfg = Release|Any CPU
		{DA1E73D3-1236-4C09-8DD2-FC2DC0348A12}.AppStore|x86.Build.0 = Release|Any CPU
		{DA1E73D3-1236-4C09-8DD2-FC2DC0348A12}.AppStore|x86.Deploy.0 = Release|Any CPU
		{DA1E73D3-1236-4C09-8DD2-FC2DC0348A12}.Debug|Any CPU.ActiveCfg = Debug|Any CPU
		{DA1E73D3-1236-4C09-8DD2-FC2DC0348A12}.Debug|Any CPU.Build.0 = Debug|Any CPU
		{DA1E73D3-1236-4C09-8DD2-FC2DC0348A12}.Debug|Any CPU.Deploy.0 = Debug|Any CPU
		{DA1E73D3-1236-4C09-8DD2-FC2DC0348A12}.Debug|ARM.ActiveCfg = Debug|Any CPU
		{DA1E73D3-1236-4C09-8DD2-FC2DC0348A12}.Debug|ARM.Build.0 = Debug|Any CPU
		{DA1E73D3-1236-4C09-8DD2-FC2DC0348A12}.Debug|ARM.Deploy.0 = Debug|Any CPU
		{DA1E73D3-1236-4C09-8DD2-FC2DC0348A12}.Debug|iPhone.ActiveCfg = Debug|Any CPU
		{DA1E73D3-1236-4C09-8DD2-FC2DC0348A12}.Debug|iPhone.Build.0 = Debug|Any CPU
		{DA1E73D3-1236-4C09-8DD2-FC2DC0348A12}.Debug|iPhone.Deploy.0 = Debug|Any CPU
		{DA1E73D3-1236-4C09-8DD2-FC2DC0348A12}.Debug|iPhoneSimulator.ActiveCfg = Debug|Any CPU
		{DA1E73D3-1236-4C09-8DD2-FC2DC0348A12}.Debug|iPhoneSimulator.Build.0 = Debug|Any CPU
		{DA1E73D3-1236-4C09-8DD2-FC2DC0348A12}.Debug|iPhoneSimulator.Deploy.0 = Debug|Any CPU
		{DA1E73D3-1236-4C09-8DD2-FC2DC0348A12}.Debug|x64.ActiveCfg = Debug|Any CPU
		{DA1E73D3-1236-4C09-8DD2-FC2DC0348A12}.Debug|x64.Build.0 = Debug|Any CPU
		{DA1E73D3-1236-4C09-8DD2-FC2DC0348A12}.Debug|x64.Deploy.0 = Debug|Any CPU
		{DA1E73D3-1236-4C09-8DD2-FC2DC0348A12}.Debug|x86.ActiveCfg = Debug|Any CPU
		{DA1E73D3-1236-4C09-8DD2-FC2DC0348A12}.Debug|x86.Build.0 = Debug|Any CPU
		{DA1E73D3-1236-4C09-8DD2-FC2DC0348A12}.Debug|x86.Deploy.0 = Debug|Any CPU
		{DA1E73D3-1236-4C09-8DD2-FC2DC0348A12}.Release|Any CPU.ActiveCfg = Release|Any CPU
		{DA1E73D3-1236-4C09-8DD2-FC2DC0348A12}.Release|Any CPU.Build.0 = Release|Any CPU
		{DA1E73D3-1236-4C09-8DD2-FC2DC0348A12}.Release|Any CPU.Deploy.0 = Release|Any CPU
		{DA1E73D3-1236-4C09-8DD2-FC2DC0348A12}.Release|ARM.ActiveCfg = Release|Any CPU
		{DA1E73D3-1236-4C09-8DD2-FC2DC0348A12}.Release|ARM.Build.0 = Release|Any CPU
		{DA1E73D3-1236-4C09-8DD2-FC2DC0348A12}.Release|ARM.Deploy.0 = Release|Any CPU
		{DA1E73D3-1236-4C09-8DD2-FC2DC0348A12}.Release|iPhone.ActiveCfg = Release|Any CPU
		{DA1E73D3-1236-4C09-8DD2-FC2DC0348A12}.Release|iPhone.Build.0 = Release|Any CPU
		{DA1E73D3-1236-4C09-8DD2-FC2DC0348A12}.Release|iPhone.Deploy.0 = Release|Any CPU
		{DA1E73D3-1236-4C09-8DD2-FC2DC0348A12}.Release|iPhoneSimulator.ActiveCfg = Release|Any CPU
		{DA1E73D3-1236-4C09-8DD2-FC2DC0348A12}.Release|iPhoneSimulator.Build.0 = Release|Any CPU
		{DA1E73D3-1236-4C09-8DD2-FC2DC0348A12}.Release|iPhoneSimulator.Deploy.0 = Release|Any CPU
		{DA1E73D3-1236-4C09-8DD2-FC2DC0348A12}.Release|x64.ActiveCfg = Release|Any CPU
		{DA1E73D3-1236-4C09-8DD2-FC2DC0348A12}.Release|x64.Build.0 = Release|Any CPU
		{DA1E73D3-1236-4C09-8DD2-FC2DC0348A12}.Release|x64.Deploy.0 = Release|Any CPU
		{DA1E73D3-1236-4C09-8DD2-FC2DC0348A12}.Release|x86.ActiveCfg = Release|Any CPU
		{DA1E73D3-1236-4C09-8DD2-FC2DC0348A12}.Release|x86.Build.0 = Release|Any CPU
		{DA1E73D3-1236-4C09-8DD2-FC2DC0348A12}.Release|x86.Deploy.0 = Release|Any CPU
		{2B3824FB-24DE-40BC-8856-08DEFE1CA942}.Ad-Hoc|Any CPU.ActiveCfg = Ad-Hoc|iPhone
		{2B3824FB-24DE-40BC-8856-08DEFE1CA942}.Ad-Hoc|ARM.ActiveCfg = Ad-Hoc|iPhone
		{2B3824FB-24DE-40BC-8856-08DEFE1CA942}.Ad-Hoc|iPhone.ActiveCfg = Ad-Hoc|iPhone
		{2B3824FB-24DE-40BC-8856-08DEFE1CA942}.Ad-Hoc|iPhone.Build.0 = Ad-Hoc|iPhone
		{2B3824FB-24DE-40BC-8856-08DEFE1CA942}.Ad-Hoc|iPhoneSimulator.ActiveCfg = Ad-Hoc|iPhoneSimulator
		{2B3824FB-24DE-40BC-8856-08DEFE1CA942}.Ad-Hoc|iPhoneSimulator.Build.0 = Ad-Hoc|iPhoneSimulator
		{2B3824FB-24DE-40BC-8856-08DEFE1CA942}.Ad-Hoc|x64.ActiveCfg = Ad-Hoc|iPhone
		{2B3824FB-24DE-40BC-8856-08DEFE1CA942}.Ad-Hoc|x86.ActiveCfg = Ad-Hoc|iPhone
		{2B3824FB-24DE-40BC-8856-08DEFE1CA942}.AppStore|Any CPU.ActiveCfg = AppStore|iPhone
		{2B3824FB-24DE-40BC-8856-08DEFE1CA942}.AppStore|ARM.ActiveCfg = AppStore|iPhone
		{2B3824FB-24DE-40BC-8856-08DEFE1CA942}.AppStore|iPhone.ActiveCfg = AppStore|iPhone
		{2B3824FB-24DE-40BC-8856-08DEFE1CA942}.AppStore|iPhone.Build.0 = AppStore|iPhone
		{2B3824FB-24DE-40BC-8856-08DEFE1CA942}.AppStore|iPhoneSimulator.ActiveCfg = AppStore|iPhoneSimulator
		{2B3824FB-24DE-40BC-8856-08DEFE1CA942}.AppStore|iPhoneSimulator.Build.0 = AppStore|iPhoneSimulator
		{2B3824FB-24DE-40BC-8856-08DEFE1CA942}.AppStore|x64.ActiveCfg = AppStore|iPhone
		{2B3824FB-24DE-40BC-8856-08DEFE1CA942}.AppStore|x86.ActiveCfg = AppStore|iPhone
		{2B3824FB-24DE-40BC-8856-08DEFE1CA942}.Debug|Any CPU.ActiveCfg = Debug|iPhone
		{2B3824FB-24DE-40BC-8856-08DEFE1CA942}.Debug|ARM.ActiveCfg = Debug|iPhone
		{2B3824FB-24DE-40BC-8856-08DEFE1CA942}.Debug|iPhone.ActiveCfg = Debug|iPhone
		{2B3824FB-24DE-40BC-8856-08DEFE1CA942}.Debug|iPhone.Build.0 = Debug|iPhone
		{2B3824FB-24DE-40BC-8856-08DEFE1CA942}.Debug|iPhoneSimulator.ActiveCfg = Debug|iPhoneSimulator
		{2B3824FB-24DE-40BC-8856-08DEFE1CA942}.Debug|iPhoneSimulator.Build.0 = Debug|iPhoneSimulator
		{2B3824FB-24DE-40BC-8856-08DEFE1CA942}.Debug|x64.ActiveCfg = Debug|iPhone
		{2B3824FB-24DE-40BC-8856-08DEFE1CA942}.Debug|x86.ActiveCfg = Debug|iPhone
		{2B3824FB-24DE-40BC-8856-08DEFE1CA942}.Release|Any CPU.ActiveCfg = Release|iPhone
		{2B3824FB-24DE-40BC-8856-08DEFE1CA942}.Release|ARM.ActiveCfg = Release|iPhone
		{2B3824FB-24DE-40BC-8856-08DEFE1CA942}.Release|iPhone.ActiveCfg = Release|iPhone
		{2B3824FB-24DE-40BC-8856-08DEFE1CA942}.Release|iPhone.Build.0 = Release|iPhone
		{2B3824FB-24DE-40BC-8856-08DEFE1CA942}.Release|iPhoneSimulator.ActiveCfg = Release|iPhoneSimulator
		{2B3824FB-24DE-40BC-8856-08DEFE1CA942}.Release|iPhoneSimulator.Build.0 = Release|iPhoneSimulator
		{2B3824FB-24DE-40BC-8856-08DEFE1CA942}.Release|x64.ActiveCfg = Release|iPhone
		{2B3824FB-24DE-40BC-8856-08DEFE1CA942}.Release|x86.ActiveCfg = Release|iPhone
		{AC536947-1053-4CE3-AEA5-05A7FB54B6E1}.Ad-Hoc|Any CPU.ActiveCfg = Release|x86
		{AC536947-1053-4CE3-AEA5-05A7FB54B6E1}.Ad-Hoc|Any CPU.Build.0 = Release|x86
		{AC536947-1053-4CE3-AEA5-05A7FB54B6E1}.Ad-Hoc|Any CPU.Deploy.0 = Release|x86
		{AC536947-1053-4CE3-AEA5-05A7FB54B6E1}.Ad-Hoc|ARM.ActiveCfg = Release|ARM
		{AC536947-1053-4CE3-AEA5-05A7FB54B6E1}.Ad-Hoc|ARM.Build.0 = Release|ARM
		{AC536947-1053-4CE3-AEA5-05A7FB54B6E1}.Ad-Hoc|ARM.Deploy.0 = Release|ARM
		{AC536947-1053-4CE3-AEA5-05A7FB54B6E1}.Ad-Hoc|iPhone.ActiveCfg = Release|x86
		{AC536947-1053-4CE3-AEA5-05A7FB54B6E1}.Ad-Hoc|iPhone.Build.0 = Release|x86
		{AC536947-1053-4CE3-AEA5-05A7FB54B6E1}.Ad-Hoc|iPhone.Deploy.0 = Release|x86
		{AC536947-1053-4CE3-AEA5-05A7FB54B6E1}.Ad-Hoc|iPhoneSimulator.ActiveCfg = Release|x86
		{AC536947-1053-4CE3-AEA5-05A7FB54B6E1}.Ad-Hoc|iPhoneSimulator.Build.0 = Release|x86
		{AC536947-1053-4CE3-AEA5-05A7FB54B6E1}.Ad-Hoc|iPhoneSimulator.Deploy.0 = Release|x86
		{AC536947-1053-4CE3-AEA5-05A7FB54B6E1}.Ad-Hoc|x64.ActiveCfg = Release|x64
		{AC536947-1053-4CE3-AEA5-05A7FB54B6E1}.Ad-Hoc|x64.Build.0 = Release|x64
		{AC536947-1053-4CE3-AEA5-05A7FB54B6E1}.Ad-Hoc|x64.Deploy.0 = Release|x64
		{AC536947-1053-4CE3-AEA5-05A7FB54B6E1}.Ad-Hoc|x86.ActiveCfg = Release|x86
		{AC536947-1053-4CE3-AEA5-05A7FB54B6E1}.Ad-Hoc|x86.Build.0 = Release|x86
		{AC536947-1053-4CE3-AEA5-05A7FB54B6E1}.Ad-Hoc|x86.Deploy.0 = Release|x86
		{AC536947-1053-4CE3-AEA5-05A7FB54B6E1}.AppStore|Any CPU.ActiveCfg = Release|x86
		{AC536947-1053-4CE3-AEA5-05A7FB54B6E1}.AppStore|Any CPU.Build.0 = Release|x86
		{AC536947-1053-4CE3-AEA5-05A7FB54B6E1}.AppStore|Any CPU.Deploy.0 = Release|x86
		{AC536947-1053-4CE3-AEA5-05A7FB54B6E1}.AppStore|ARM.ActiveCfg = Release|ARM
		{AC536947-1053-4CE3-AEA5-05A7FB54B6E1}.AppStore|ARM.Build.0 = Release|ARM
		{AC536947-1053-4CE3-AEA5-05A7FB54B6E1}.AppStore|ARM.Deploy.0 = Release|ARM
		{AC536947-1053-4CE3-AEA5-05A7FB54B6E1}.AppStore|iPhone.ActiveCfg = Release|x86
		{AC536947-1053-4CE3-AEA5-05A7FB54B6E1}.AppStore|iPhone.Build.0 = Release|x86
		{AC536947-1053-4CE3-AEA5-05A7FB54B6E1}.AppStore|iPhone.Deploy.0 = Release|x86
		{AC536947-1053-4CE3-AEA5-05A7FB54B6E1}.AppStore|iPhoneSimulator.ActiveCfg = Release|x86
		{AC536947-1053-4CE3-AEA5-05A7FB54B6E1}.AppStore|iPhoneSimulator.Build.0 = Release|x86
		{AC536947-1053-4CE3-AEA5-05A7FB54B6E1}.AppStore|iPhoneSimulator.Deploy.0 = Release|x86
		{AC536947-1053-4CE3-AEA5-05A7FB54B6E1}.AppStore|x64.ActiveCfg = Release|x64
		{AC536947-1053-4CE3-AEA5-05A7FB54B6E1}.AppStore|x64.Build.0 = Release|x64
		{AC536947-1053-4CE3-AEA5-05A7FB54B6E1}.AppStore|x64.Deploy.0 = Release|x64
		{AC536947-1053-4CE3-AEA5-05A7FB54B6E1}.AppStore|x86.ActiveCfg = Release|x86
		{AC536947-1053-4CE3-AEA5-05A7FB54B6E1}.AppStore|x86.Build.0 = Release|x86
		{AC536947-1053-4CE3-AEA5-05A7FB54B6E1}.AppStore|x86.Deploy.0 = Release|x86
		{AC536947-1053-4CE3-AEA5-05A7FB54B6E1}.Debug|Any CPU.ActiveCfg = Debug|x86
		{AC536947-1053-4CE3-AEA5-05A7FB54B6E1}.Debug|ARM.ActiveCfg = Debug|ARM
		{AC536947-1053-4CE3-AEA5-05A7FB54B6E1}.Debug|ARM.Build.0 = Debug|ARM
		{AC536947-1053-4CE3-AEA5-05A7FB54B6E1}.Debug|ARM.Deploy.0 = Debug|ARM
		{AC536947-1053-4CE3-AEA5-05A7FB54B6E1}.Debug|iPhone.ActiveCfg = Debug|x86
		{AC536947-1053-4CE3-AEA5-05A7FB54B6E1}.Debug|iPhoneSimulator.ActiveCfg = Debug|x86
		{AC536947-1053-4CE3-AEA5-05A7FB54B6E1}.Debug|x64.ActiveCfg = Debug|x64
		{AC536947-1053-4CE3-AEA5-05A7FB54B6E1}.Debug|x64.Build.0 = Debug|x64
		{AC536947-1053-4CE3-AEA5-05A7FB54B6E1}.Debug|x64.Deploy.0 = Debug|x64
		{AC536947-1053-4CE3-AEA5-05A7FB54B6E1}.Debug|x86.ActiveCfg = Debug|x86
		{AC536947-1053-4CE3-AEA5-05A7FB54B6E1}.Debug|x86.Build.0 = Debug|x86
		{AC536947-1053-4CE3-AEA5-05A7FB54B6E1}.Debug|x86.Deploy.0 = Debug|x86
		{AC536947-1053-4CE3-AEA5-05A7FB54B6E1}.Release|Any CPU.ActiveCfg = Release|x86
		{AC536947-1053-4CE3-AEA5-05A7FB54B6E1}.Release|ARM.ActiveCfg = Release|ARM
		{AC536947-1053-4CE3-AEA5-05A7FB54B6E1}.Release|ARM.Build.0 = Release|ARM
		{AC536947-1053-4CE3-AEA5-05A7FB54B6E1}.Release|ARM.Deploy.0 = Release|ARM
		{AC536947-1053-4CE3-AEA5-05A7FB54B6E1}.Release|iPhone.ActiveCfg = Release|x86
		{AC536947-1053-4CE3-AEA5-05A7FB54B6E1}.Release|iPhoneSimulator.ActiveCfg = Release|x86
		{AC536947-1053-4CE3-AEA5-05A7FB54B6E1}.Release|x64.ActiveCfg = Release|x64
		{AC536947-1053-4CE3-AEA5-05A7FB54B6E1}.Release|x64.Build.0 = Release|x64
		{AC536947-1053-4CE3-AEA5-05A7FB54B6E1}.Release|x64.Deploy.0 = Release|x64
		{AC536947-1053-4CE3-AEA5-05A7FB54B6E1}.Release|x86.ActiveCfg = Release|x86
		{AC536947-1053-4CE3-AEA5-05A7FB54B6E1}.Release|x86.Build.0 = Release|x86
		{AC536947-1053-4CE3-AEA5-05A7FB54B6E1}.Release|x86.Deploy.0 = Release|x86
		{4A4152E6-915D-4FFB-BA40-45CE0A6314B9}.Ad-Hoc|Any CPU.ActiveCfg = Debug|Any CPU
		{4A4152E6-915D-4FFB-BA40-45CE0A6314B9}.Ad-Hoc|Any CPU.Build.0 = Debug|Any CPU
		{4A4152E6-915D-4FFB-BA40-45CE0A6314B9}.Ad-Hoc|ARM.ActiveCfg = Debug|Any CPU
		{4A4152E6-915D-4FFB-BA40-45CE0A6314B9}.Ad-Hoc|ARM.Build.0 = Debug|Any CPU
		{4A4152E6-915D-4FFB-BA40-45CE0A6314B9}.Ad-Hoc|iPhone.ActiveCfg = Debug|Any CPU
		{4A4152E6-915D-4FFB-BA40-45CE0A6314B9}.Ad-Hoc|iPhone.Build.0 = Debug|Any CPU
		{4A4152E6-915D-4FFB-BA40-45CE0A6314B9}.Ad-Hoc|iPhoneSimulator.ActiveCfg = Debug|Any CPU
		{4A4152E6-915D-4FFB-BA40-45CE0A6314B9}.Ad-Hoc|iPhoneSimulator.Build.0 = Debug|Any CPU
		{4A4152E6-915D-4FFB-BA40-45CE0A6314B9}.Ad-Hoc|x64.ActiveCfg = Debug|Any CPU
		{4A4152E6-915D-4FFB-BA40-45CE0A6314B9}.Ad-Hoc|x64.Build.0 = Debug|Any CPU
		{4A4152E6-915D-4FFB-BA40-45CE0A6314B9}.Ad-Hoc|x86.ActiveCfg = Debug|Any CPU
		{4A4152E6-915D-4FFB-BA40-45CE0A6314B9}.Ad-Hoc|x86.Build.0 = Debug|Any CPU
		{4A4152E6-915D-4FFB-BA40-45CE0A6314B9}.AppStore|Any CPU.ActiveCfg = Debug|Any CPU
		{4A4152E6-915D-4FFB-BA40-45CE0A6314B9}.AppStore|Any CPU.Build.0 = Debug|Any CPU
		{4A4152E6-915D-4FFB-BA40-45CE0A6314B9}.AppStore|ARM.ActiveCfg = Debug|Any CPU
		{4A4152E6-915D-4FFB-BA40-45CE0A6314B9}.AppStore|ARM.Build.0 = Debug|Any CPU
		{4A4152E6-915D-4FFB-BA40-45CE0A6314B9}.AppStore|iPhone.ActiveCfg = Debug|Any CPU
		{4A4152E6-915D-4FFB-BA40-45CE0A6314B9}.AppStore|iPhone.Build.0 = Debug|Any CPU
		{4A4152E6-915D-4FFB-BA40-45CE0A6314B9}.AppStore|iPhoneSimulator.ActiveCfg = Debug|Any CPU
		{4A4152E6-915D-4FFB-BA40-45CE0A6314B9}.AppStore|iPhoneSimulator.Build.0 = Debug|Any CPU
		{4A4152E6-915D-4FFB-BA40-45CE0A6314B9}.AppStore|x64.ActiveCfg = Debug|Any CPU
		{4A4152E6-915D-4FFB-BA40-45CE0A6314B9}.AppStore|x64.Build.0 = Debug|Any CPU
		{4A4152E6-915D-4FFB-BA40-45CE0A6314B9}.AppStore|x86.ActiveCfg = Debug|Any CPU
		{4A4152E6-915D-4FFB-BA40-45CE0A6314B9}.AppStore|x86.Build.0 = Debug|Any CPU
		{4A4152E6-915D-4FFB-BA40-45CE0A6314B9}.Debug|Any CPU.ActiveCfg = Debug|Any CPU
		{4A4152E6-915D-4FFB-BA40-45CE0A6314B9}.Debug|Any CPU.Build.0 = Debug|Any CPU
		{4A4152E6-915D-4FFB-BA40-45CE0A6314B9}.Debug|ARM.ActiveCfg = Debug|Any CPU
		{4A4152E6-915D-4FFB-BA40-45CE0A6314B9}.Debug|ARM.Build.0 = Debug|Any CPU
		{4A4152E6-915D-4FFB-BA40-45CE0A6314B9}.Debug|iPhone.ActiveCfg = Debug|Any CPU
		{4A4152E6-915D-4FFB-BA40-45CE0A6314B9}.Debug|iPhone.Build.0 = Debug|Any CPU
		{4A4152E6-915D-4FFB-BA40-45CE0A6314B9}.Debug|iPhoneSimulator.ActiveCfg = Debug|Any CPU
		{4A4152E6-915D-4FFB-BA40-45CE0A6314B9}.Debug|iPhoneSimulator.Build.0 = Debug|Any CPU
		{4A4152E6-915D-4FFB-BA40-45CE0A6314B9}.Debug|x64.ActiveCfg = Debug|Any CPU
		{4A4152E6-915D-4FFB-BA40-45CE0A6314B9}.Debug|x64.Build.0 = Debug|Any CPU
		{4A4152E6-915D-4FFB-BA40-45CE0A6314B9}.Debug|x86.ActiveCfg = Debug|Any CPU
		{4A4152E6-915D-4FFB-BA40-45CE0A6314B9}.Debug|x86.Build.0 = Debug|Any CPU
		{4A4152E6-915D-4FFB-BA40-45CE0A6314B9}.Release|Any CPU.ActiveCfg = Release|Any CPU
		{4A4152E6-915D-4FFB-BA40-45CE0A6314B9}.Release|Any CPU.Build.0 = Release|Any CPU
		{4A4152E6-915D-4FFB-BA40-45CE0A6314B9}.Release|ARM.ActiveCfg = Release|Any CPU
		{4A4152E6-915D-4FFB-BA40-45CE0A6314B9}.Release|ARM.Build.0 = Release|Any CPU
		{4A4152E6-915D-4FFB-BA40-45CE0A6314B9}.Release|iPhone.ActiveCfg = Release|Any CPU
		{4A4152E6-915D-4FFB-BA40-45CE0A6314B9}.Release|iPhone.Build.0 = Release|Any CPU
		{4A4152E6-915D-4FFB-BA40-45CE0A6314B9}.Release|iPhoneSimulator.ActiveCfg = Release|Any CPU
		{4A4152E6-915D-4FFB-BA40-45CE0A6314B9}.Release|iPhoneSimulator.Build.0 = Release|Any CPU
		{4A4152E6-915D-4FFB-BA40-45CE0A6314B9}.Release|x64.ActiveCfg = Release|Any CPU
		{4A4152E6-915D-4FFB-BA40-45CE0A6314B9}.Release|x64.Build.0 = Release|Any CPU
		{4A4152E6-915D-4FFB-BA40-45CE0A6314B9}.Release|x86.ActiveCfg = Release|Any CPU
		{4A4152E6-915D-4FFB-BA40-45CE0A6314B9}.Release|x86.Build.0 = Release|Any CPU
	EndGlobalSection
	GlobalSection(SolutionProperties) = preSolution
		HideSolutionNode = FALSE
	EndGlobalSection
	GlobalSection(ExtensibilityGlobals) = postSolution
		SolutionGuid = {2AB28793-52B7-41C9-A9E3-2F2A306E16CA}
	EndGlobalSection
EndGlobal
